<?xml version="1.0" encoding="utf-8"?>
<Project ToolsVersion="4.0" xmlns="http://schemas.microsoft.com/developer/msbuild/2003">
  <ItemGroup>
    <Filter Include="Source Files">
      <UniqueIdentifier>{4FC737F1-C7A5-4376-A066-2A32D752A2FF}</UniqueIdentifier>
      <Extensions>cpp;c;cc;cxx;c++;def;odl;idl;hpj;bat;asm;asmx</Extensions>
    </Filter>
    <Filter Include="Header Files">
      <UniqueIdentifier>{93995380-89BD-4b04-88EB-625FBE52EBFB}</UniqueIdentifier>
      <Extensions>h;hh;hpp;hxx;h++;hm;inl;inc;ipp;xsd</Extensions>
    </Filter>
    <Filter Include="Resource Files">
      <UniqueIdentifier>{67DA6AB6-F800-4c08-8B7A-83BB121AAD01}</UniqueIdentifier>
      <Extensions>rc;ico;cur;bmp;dlg;rc2;rct;bin;rgs;gif;jpg;jpeg;jpe;resx;tiff;tif;png;wav;mfcribbon-ms</Extensions>
    </Filter>
  </ItemGroup>
  <ItemGroup>
    <ClCompile Include="main.cpp">
      <Filter>Source Files</Filter>
    </ClCompile>
    <ClCompile Include="SystemMain.cpp">
      <Filter>Source Files</Filter>
    </ClCompile>
    <ClCompile Include="Looper.cpp">
      <Filter>Source Files</Filter>
    </ClCompile>
    <ClCompile Include="Define.cpp">
      <Filter>Source Files</Filter>
    </ClCompile>
    <ClCompile Include="AbstructScene.cpp">
      <Filter>Source Files</Filter>
    </ClCompile>
    <ClCompile Include="TitleScene.cpp">
      <Filter>Source Files</Filter>
    </ClCompile>
    <ClCompile Include="Parameter.cpp">
      <Filter>Source Files</Filter>
    </ClCompile>
    <ClCompile Include="Error.cpp">
      <Filter>Source Files</Filter>
    </ClCompile>
    <ClCompile Include="FPS.cpp">
      <Filter>Source Files</Filter>
    </ClCompile>
    <ClCompile Include="Round.cpp">
      <Filter>Source Files</Filter>
    </ClCompile>
    <ClCompile Include="GameScene.cpp">
      <Filter>Source Files</Filter>
    </ClCompile>
    <ClCompile Include="Keyboard.cpp">
      <Filter>Source Files</Filter>
    </ClCompile>
    <ClCompile Include="Player.cpp">
      <Filter>Source Files</Filter>
    </ClCompile>
    <ClCompile Include="Image.cpp">
      <Filter>Source Files</Filter>
    </ClCompile>
    <ClCompile Include="GameBoard.cpp">
      <Filter>Source Files</Filter>
    </ClCompile>
    <ClCompile Include="AbstractBackground.cpp">
      <Filter>Source Files</Filter>
    </ClCompile>
    <ClCompile Include="Background.cpp">
      <Filter>Source Files</Filter>
    </ClCompile>
    <ClCompile Include="EnemyManager.cpp">
      <Filter>Source Files</Filter>
    </ClCompile>
    <ClCompile Include="BlueFire.cpp">
      <Filter>Source Files</Filter>
    </ClCompile>
    <ClCompile Include="AbstractEnemy.cpp">
      <Filter>Source Files</Filter>
    </ClCompile>
    <ClCompile Include="ImageBullet.cpp">
      <Filter>Source Files</Filter>
    </ClCompile>
    <ClCompile Include="Bullet.cpp">
      <Filter>Source Files</Filter>
    </ClCompile>
    <ClCompile Include="Shot01.cpp">
      <Filter>Source Files</Filter>
    </ClCompile>
    <ClCompile Include="AbstractShot.cpp">
      <Filter>Source Files</Filter>
    </ClCompile>
    <ClCompile Include="Shot02.cpp">
      <Filter>Source Files</Filter>
    </ClCompile>
    <ClCompile Include="PlayerShot.cpp">
      <Filter>Source Files</Filter>
    </ClCompile>
    <ClCompile Include="HitCheck.cpp">
      <Filter>Source Files</Filter>
    </ClCompile>
    <ClCompile Include="GreenFire01.cpp">
      <Filter>Source Files</Filter>
    </ClCompile>
    <ClCompile Include="GreenFire02.cpp">
      <Filter>Source Files</Filter>
    </ClCompile>
    <ClCompile Include="Shot03.cpp">
      <Filter>Source Files</Filter>
    </ClCompile>
    <ClCompile Include="OptionScene.cpp">
      <Filter>Source Files</Filter>
    </ClCompile>
    <ClCompile Include="AbstractBoss.cpp">
      <Filter>Source Files</Filter>
    </ClCompile>
    <ClCompile Include="YakumoRan.cpp">
      <Filter>Source Files</Filter>
    </ClCompile>
    <ClCompile Include="Conversation.cpp">
      <Filter>Source Files</Filter>
    </ClCompile>
    <ClCompile Include="RanShot01.cpp">
      <Filter>Source Files</Filter>
    </ClCompile>
    <ClCompile Include="AbstractBossShot.cpp">
      <Filter>Source Files</Filter>
    </ClCompile>
    <ClCompile Include="SpellCardEffect.cpp">
      <Filter>Source Files</Filter>
    </ClCompile>
    <ClCompile Include="RanShot02.cpp">
      <Filter>Source Files</Filter>
    </ClCompile>
  </ItemGroup>
  <ItemGroup>
    <ClInclude Include="SystemMain.h">
      <Filter>Header Files</Filter>
    </ClInclude>
    <ClInclude Include="Looper.h">
      <Filter>Header Files</Filter>
    </ClInclude>
    <ClInclude Include="Define.h">
      <Filter>Header Files</Filter>
    </ClInclude>
    <ClInclude Include="eScene.h">
      <Filter>Header Files</Filter>
    </ClInclude>
    <ClInclude Include="IOnSceneChangedListener.h">
      <Filter>Header Files</Filter>
    </ClInclude>
    <ClInclude Include="AbstractScene.h">
      <Filter>Header Files</Filter>
    </ClInclude>
    <ClInclude Include="TitleScene.h">
      <Filter>Header Files</Filter>
    </ClInclude>
    <ClInclude Include="Parameter.h">
      <Filter>Header Files</Filter>
    </ClInclude>
    <ClInclude Include="Error.h">
      <Filter>Header Files</Filter>
    </ClInclude>
    <ClInclude Include="FPS.h">
      <Filter>Header Files</Filter>
    </ClInclude>
    <ClInclude Include="Round.h">
      <Filter>Header Files</Filter>
    </ClInclude>
    <ClInclude Include="GameScene.h">
      <Filter>Header Files</Filter>
    </ClInclude>
    <ClInclude Include="singleton.h">
      <Filter>Header Files</Filter>
    </ClInclude>
    <ClInclude Include="Keyboard.h">
      <Filter>Header Files</Filter>
    </ClInclude>
    <ClInclude Include="Task.h">
      <Filter>Header Files</Filter>
    </ClInclude>
    <ClInclude Include="Player.h">
      <Filter>Header Files</Filter>
    </ClInclude>
    <ClInclude Include="Image.h">
      <Filter>Header Files</Filter>
    </ClInclude>
    <ClInclude Include="GameBoard.h">
      <Filter>Header Files</Filter>
    </ClInclude>
    <ClInclude Include="AbstractBackground.h">
      <Filter>Header Files</Filter>
    </ClInclude>
    <ClInclude Include="Background.h">
      <Filter>Header Files</Filter>
    </ClInclude>
    <ClInclude Include="EnemyManager.h">
      <Filter>Header Files</Filter>
    </ClInclude>
    <ClInclude Include="BlueFire.h">
      <Filter>Header Files</Filter>
    </ClInclude>
    <ClInclude Include="AbstractEnemy.h">
      <Filter>Header Files</Filter>
    </ClInclude>
    <ClInclude Include="ImageBullet.h">
      <Filter>Header Files</Filter>
    </ClInclude>
    <ClInclude Include="Bullet.h">
      <Filter>Header Files</Filter>
    </ClInclude>
    <ClInclude Include="Shot01.h">
      <Filter>Header Files</Filter>
    </ClInclude>
    <ClInclude Include="AbstractShot.h">
      <Filter>Header Files</Filter>
    </ClInclude>
    <ClInclude Include="Shot02.h">
      <Filter>Header Files</Filter>
    </ClInclude>
    <ClInclude Include="PlayerShot.h">
      <Filter>Header Files</Filter>
    </ClInclude>
    <ClInclude Include="HitCheck.h">
      <Filter>Header Files</Filter>
    </ClInclude>
    <ClInclude Include="GreenFire01.h">
      <Filter>Header Files</Filter>
    </ClInclude>
    <ClInclude Include="GreenFire02.h">
      <Filter>Header Files</Filter>
    </ClInclude>
    <ClInclude Include="Shot03.h">
      <Filter>Header Files</Filter>
    </ClInclude>
    <ClInclude Include="OptionScene.h">
      <Filter>Header Files</Filter>
    </ClInclude>
    <ClInclude Include="AbstractBoss.h">
      <Filter>Header Files</Filter>
    </ClInclude>
    <ClInclude Include="YakumoRan.h">
      <Filter>Header Files</Filter>
    </ClInclude>
    <ClInclude Include="Conversation.h">
      <Filter>Header Files</Filter>
    </ClInclude>
    <ClInclude Include="RanShot01.h">
      <Filter>Header Files</Filter>
    </ClInclude>
    <ClInclude Include="AbstractBossShot.h">
      <Filter>Header Files</Filter>
    </ClInclude>
    <ClInclude Include="SpellCardEffect.h">
      <Filter>Header Files</Filter>
    </ClInclude>
    <ClInclude Include="RanShot02.h">
      <Filter>Header Files</Filter>
    </ClInclude>
  </ItemGroup>
</Project>